// !$*UTF8*$!
{
	archiveVersion = 1;
	classes = {
	};
	objectVersion = 50;
	objects = {

/* Begin PBXBuildFile section */
		D2F8593425DFB8C50048F6F3 /* AppDelegate.swift in Sources */ = {isa = PBXBuildFile; fileRef = D2F8593325DFB8C50048F6F3 /* AppDelegate.swift */; };
		D2F8593625DFB8C50048F6F3 /* SceneDelegate.swift in Sources */ = {isa = PBXBuildFile; fileRef = D2F8593525DFB8C50048F6F3 /* SceneDelegate.swift */; };
		D2F8593825DFB8C50048F6F3 /* ViewController.swift in Sources */ = {isa = PBXBuildFile; fileRef = D2F8593725DFB8C50048F6F3 /* ViewController.swift */; };
		D2F8593B25DFB8C50048F6F3 /* Main.storyboard in Resources */ = {isa = PBXBuildFile; fileRef = D2F8593925DFB8C50048F6F3 /* Main.storyboard */; };
		D2F8593E25DFB8C50048F6F3 /* design.xcdatamodeld in Sources */ = {isa = PBXBuildFile; fileRef = D2F8593C25DFB8C50048F6F3 /* design.xcdatamodeld */; };
		D2F8594025DFB8C60048F6F3 /* Assets.xcassets in Resources */ = {isa = PBXBuildFile; fileRef = D2F8593F25DFB8C60048F6F3 /* Assets.xcassets */; };
		D2F8594325DFB8C60048F6F3 /* LaunchScreen.storyboard in Resources */ = {isa = PBXBuildFile; fileRef = D2F8594125DFB8C60048F6F3 /* LaunchScreen.storyboard */; };
		D2F8594E25DFB8C60048F6F3 /* designTests.swift in Sources */ = {isa = PBXBuildFile; fileRef = D2F8594D25DFB8C60048F6F3 /* designTests.swift */; };
		D2F8595925DFB8C60048F6F3 /* designUITests.swift in Sources */ = {isa = PBXBuildFile; fileRef = D2F8595825DFB8C60048F6F3 /* designUITests.swift */; };
		D2F8597025DFB8EC0048F6F3 /* myTableViewCell.swift in Sources */ = {isa = PBXBuildFile; fileRef = D2F8596E25DFB8EC0048F6F3 /* myTableViewCell.swift */; };
		D2F8597125DFB8EC0048F6F3 /* myTableViewCell.xib in Resources */ = {isa = PBXBuildFile; fileRef = D2F8596F25DFB8EC0048F6F3 /* myTableViewCell.xib */; };
/* End PBXBuildFile section */

/* Begin PBXContainerItemProxy section */
		D2F8594A25DFB8C60048F6F3 /* PBXContainerItemProxy */ = {
			isa = PBXContainerItemProxy;
			containerPortal = D2F8592825DFB8C50048F6F3 /* Project object */;
			proxyType = 1;
			remoteGlobalIDString = D2F8592F25DFB8C50048F6F3;
			remoteInfo = design;
		};
		D2F8595525DFB8C60048F6F3 /* PBXContainerItemProxy */ = {
			isa = PBXContainerItemProxy;
			containerPortal = D2F8592825DFB8C50048F6F3 /* Project object */;
			proxyType = 1;
			remoteGlobalIDString = D2F8592F25DFB8C50048F6F3;
			remoteInfo = design;
		};
/* End PBXContainerItemProxy section */

/* Begin PBXFileReference section */
		D2F8593025DFB8C50048F6F3 /* design.app */ = {isa = PBXFileReference; explicitFileType = wrapper.application; includeInIndex = 0; path = design.app; sourceTree = BUILT_PRODUCTS_DIR; };
		D2F8593325DFB8C50048F6F3 /* AppDelegate.swift */ = {isa = PBXFileReference; lastKnownFileType = sourcecode.swift; path = AppDelegate.swift; sourceTree = "<group>"; };
		D2F8593525DFB8C50048F6F3 /* SceneDelegate.swift */ = {isa = PBXFileReference; lastKnownFileType = sourcecode.swift; path = SceneDelegate.swift; sourceTree = "<group>"; };
		D2F8593725DFB8C50048F6F3 /* ViewController.swift */ = {isa = PBXFileReference; lastKnownFileType = sourcecode.swift; path = ViewController.swift; sourceTree = "<group>"; };
		D2F8593A25DFB8C50048F6F3 /* Base */ = {isa = PBXFileReference; lastKnownFileType = file.storyboard; name = Base; path = Base.lproj/Main.storyboard; sourceTree = "<group>"; };
		D2F8593D25DFB8C50048F6F3 /* design.xcdatamodel */ = {isa = PBXFileReference; lastKnownFileType = wrapper.xcdatamodel; path = design.xcdatamodel; sourceTree = "<group>"; };
		D2F8593F25DFB8C60048F6F3 /* Assets.xcassets */ = {isa = PBXFileReference; lastKnownFileType = folder.assetcatalog; path = Assets.xcassets; sourceTree = "<group>"; };
		D2F8594225DFB8C60048F6F3 /* Base */ = {isa = PBXFileReference; lastKnownFileType = file.storyboard; name = Base; path = Base.lproj/LaunchScreen.storyboard; sourceTree = "<group>"; };
		D2F8594425DFB8C60048F6F3 /* Info.plist */ = {isa = PBXFileReference; lastKnownFileType = text.plist.xml; path = Info.plist; sourceTree = "<group>"; };
		D2F8594925DFB8C60048F6F3 /* designTests.xctest */ = {isa = PBXFileReference; explicitFileType = wrapper.cfbundle; includeInIndex = 0; path = designTests.xctest; sourceTree = BUILT_PRODUCTS_DIR; };
		D2F8594D25DFB8C60048F6F3 /* designTests.swift */ = {isa = PBXFileReference; lastKnownFileType = sourcecode.swift; path = designTests.swift; sourceTree = "<group>"; };
		D2F8594F25DFB8C60048F6F3 /* Info.plist */ = {isa = PBXFileReference; lastKnownFileType = text.plist.xml; path = Info.plist; sourceTree = "<group>"; };
		D2F8595425DFB8C60048F6F3 /* designUITests.xctest */ = {isa = PBXFileReference; explicitFileType = wrapper.cfbundle; includeInIndex = 0; path = designUITests.xctest; sourceTree = BUILT_PRODUCTS_DIR; };
		D2F8595825DFB8C60048F6F3 /* designUITests.swift */ = {isa = PBXFileReference; lastKnownFileType = sourcecode.swift; path = designUITests.swift; sourceTree = "<group>"; };
		D2F8595A25DFB8C60048F6F3 /* Info.plist */ = {isa = PBXFileReference; lastKnownFileType = text.plist.xml; path = Info.plist; sourceTree = "<group>"; };
		D2F8596E25DFB8EC0048F6F3 /* myTableViewCell.swift */ = {isa = PBXFileReference; lastKnownFileType = sourcecode.swift; path = myTableViewCell.swift; sourceTree = "<group>"; };
		D2F8596F25DFB8EC0048F6F3 /* myTableViewCell.xib */ = {isa = PBXFileReference; lastKnownFileType = file.xib; path = myTableViewCell.xib; sourceTree = "<group>"; };
/* End PBXFileReference section */

/* Begin PBXFrameworksBuildPhase section */
		D2F8592D25DFB8C50048F6F3 /* Frameworks */ = {
			isa = PBXFrameworksBuildPhase;
			buildActionMask = 2147483647;
			files = (
			);
			runOnlyForDeploymentPostprocessing = 0;
		};
		D2F8594625DFB8C60048F6F3 /* Frameworks */ = {
			isa = PBXFrameworksBuildPhase;
			buildActionMask = 2147483647;
			files = (
			);
			runOnlyForDeploymentPostprocessing = 0;
		};
		D2F8595125DFB8C60048F6F3 /* Frameworks */ = {
			isa = PBXFrameworksBuildPhase;
			buildActionMask = 2147483647;
			files = (
			);
			runOnlyForDeploymentPostprocessing = 0;
		};
/* End PBXFrameworksBuildPhase section */

/* Begin PBXGroup section */
		D2F8592725DFB8C50048F6F3 = {
			isa = PBXGroup;
			children = (
				D2F8593225DFB8C50048F6F3 /* design */,
				D2F8594C25DFB8C60048F6F3 /* designTests */,
				D2F8595725DFB8C60048F6F3 /* designUITests */,
				D2F8593125DFB8C50048F6F3 /* Products */,
			);
			sourceTree = "<group>";
		};
		D2F8593125DFB8C50048F6F3 /* Products */ = {
			isa = PBXGroup;
			children = (
				D2F8593025DFB8C50048F6F3 /* design.app */,
				D2F8594925DFB8C60048F6F3 /* designTests.xctest */,
				D2F8595425DFB8C60048F6F3 /* designUITests.xctest */,
			);
			name = Products;
			sourceTree = "<group>";
		};
		D2F8593225DFB8C50048F6F3 /* design */ = {
			isa = PBXGroup;
			children = (
				D2F8593325DFB8C50048F6F3 /* AppDelegate.swift */,
				D2F8593525DFB8C50048F6F3 /* SceneDelegate.swift */,
				D2F8593725DFB8C50048F6F3 /* ViewController.swift */,
				D2F8593925DFB8C50048F6F3 /* Main.storyboard */,
				D2F8593F25DFB8C60048F6F3 /* Assets.xcassets */,
				D2F8594125DFB8C60048F6F3 /* LaunchScreen.storyboard */,
				D2F8594425DFB8C60048F6F3 /* Info.plist */,
				D2F8593C25DFB8C50048F6F3 /* design.xcdatamodeld */,
				D2F8596E25DFB8EC0048F6F3 /* myTableViewCell.swift */,
				D2F8596F25DFB8EC0048F6F3 /* myTableViewCell.xib */,
			);
			path = design;
			sourceTree = "<group>";
		};
		D2F8594C25DFB8C60048F6F3 /* designTests */ = {
			isa = PBXGroup;
			children = (
				D2F8594D25DFB8C60048F6F3 /* designTests.swift */,
				D2F8594F25DFB8C60048F6F3 /* Info.plist */,
			);
			path = designTests;
			sourceTree = "<group>";
		};
		D2F8595725DFB8C60048F6F3 /* designUITests */ = {
			isa = PBXGroup;
			children = (
				D2F8595825DFB8C60048F6F3 /* designUITests.swift */,
				D2F8595A25DFB8C60048F6F3 /* Info.plist */,
			);
			path = designUITests;
			sourceTree = "<group>";
		};
/* End PBXGroup section */

/* Begin PBXNativeTarget section */
		D2F8592F25DFB8C50048F6F3 /* design */ = {
			isa = PBXNativeTarget;
			buildConfigurationList = D2F8595D25DFB8C60048F6F3 /* Build configuration list for PBXNativeTarget "design" */;
			buildPhases = (
				D2F8592C25DFB8C50048F6F3 /* Sources */,
				D2F8592D25DFB8C50048F6F3 /* Frameworks */,
				D2F8592E25DFB8C50048F6F3 /* Resources */,
			);
			buildRules = (
			);
			dependencies = (
			);
			name = design;
			productName = design;
			productReference = D2F8593025DFB8C50048F6F3 /* design.app */;
			productType = "com.apple.product-type.application";
		};
		D2F8594825DFB8C60048F6F3 /* designTests */ = {
			isa = PBXNativeTarget;
			buildConfigurationList = D2F8596025DFB8C60048F6F3 /* Build configuration list for PBXNativeTarget "designTests" */;
			buildPhases = (
				D2F8594525DFB8C60048F6F3 /* Sources */,
				D2F8594625DFB8C60048F6F3 /* Frameworks */,
				D2F8594725DFB8C60048F6F3 /* Resources */,
			);
			buildRules = (
			);
			dependencies = (
				D2F8594B25DFB8C60048F6F3 /* PBXTargetDependency */,
			);
			name = designTests;
			productName = designTests;
			productReference = D2F8594925DFB8C60048F6F3 /* designTests.xctest */;
			productType = "com.apple.product-type.bundle.unit-test";
		};
		D2F8595325DFB8C60048F6F3 /* designUITests */ = {
			isa = PBXNativeTarget;
			buildConfigurationList = D2F8596325DFB8C60048F6F3 /* Build configuration list for PBXNativeTarget "designUITests" */;
			buildPhases = (
				D2F8595025DFB8C60048F6F3 /* Sources */,
				D2F8595125DFB8C60048F6F3 /* Frameworks */,
				D2F8595225DFB8C60048F6F3 /* Resources */,
			);
			buildRules = (
			);
			dependencies = (
				D2F8595625DFB8C60048F6F3 /* PBXTargetDependency */,
			);
			name = designUITests;
			productName = designUITests;
			productReference = D2F8595425DFB8C60048F6F3 /* designUITests.xctest */;
			productType = "com.apple.product-type.bundle.ui-testing";
		};
/* End PBXNativeTarget section */

/* Begin PBXProject section */
		D2F8592825DFB8C50048F6F3 /* Project object */ = {
			isa = PBXProject;
			attributes = {
				LastSwiftUpdateCheck = 1240;
				LastUpgradeCheck = 1240;
				TargetAttributes = {
					D2F8592F25DFB8C50048F6F3 = {
						CreatedOnToolsVersion = 12.4;
					};
					D2F8594825DFB8C60048F6F3 = {
						CreatedOnToolsVersion = 12.4;
						TestTargetID = D2F8592F25DFB8C50048F6F3;
					};
					D2F8595325DFB8C60048F6F3 = {
						CreatedOnToolsVersion = 12.4;
						TestTargetID = D2F8592F25DFB8C50048F6F3;
					};
				};
			};
			buildConfigurationList = D2F8592B25DFB8C50048F6F3 /* Build configuration list for PBXProject "design" */;
			compatibilityVersion = "Xcode 9.3";
			developmentRegion = en;
			hasScannedForEncodings = 0;
			knownRegions = (
				en,
				Base,
			);
			mainGroup = D2F8592725DFB8C50048F6F3;
			productRefGroup = D2F8593125DFB8C50048F6F3 /* Products */;
			projectDirPath = "";
			projectRoot = "";
			targets = (
				D2F8592F25DFB8C50048F6F3 /* design */,
				D2F8594825DFB8C60048F6F3 /* designTests */,
				D2F8595325DFB8C60048F6F3 /* designUITests */,
			);
		};
/* End PBXProject section */

/* Begin PBXResourcesBuildPhase section */
		D2F8592E25DFB8C50048F6F3 /* Resources */ = {
			isa = PBXResourcesBuildPhase;
			buildActionMask = 2147483647;
			files = (
				D2F8594325DFB8C60048F6F3 /* LaunchScreen.storyboard in Resources */,
				D2F8597125DFB8EC0048F6F3 /* myTableViewCell.xib in Resources */,
				D2F8594025DFB8C60048F6F3 /* Assets.xcassets in Resources */,
				D2F8593B25DFB8C50048F6F3 /* Main.storyboard in Resources */,
			);
			runOnlyForDeploymentPostprocessing = 0;
		};
		D2F8594725DFB8C60048F6F3 /* Resources */ = {
			isa = PBXResourcesBuildPhase;
			buildActionMask = 2147483647;
			files = (
			);
			runOnlyForDeploymentPostprocessing = 0;
		};
		D2F8595225DFB8C60048F6F3 /* Resources */ = {
			isa = PBXResourcesBuildPhase;
			buildActionMask = 2147483647;
			files = (
			);
			runOnlyForDeploymentPostprocessing = 0;
		};
/* End PBXResourcesBuildPhase section */

/* Begin PBXSourcesBuildPhase section */
		D2F8592C25DFB8C50048F6F3 /* Sources */ = {
			isa = PBXSourcesBuildPhase;
			buildActionMask = 2147483647;
			files = (
				D2F8593825DFB8C50048F6F3 /* ViewController.swift in Sources */,
				D2F8597025DFB8EC0048F6F3 /* myTableViewCell.swift in Sources */,
				D2F8593E25DFB8C50048F6F3 /* design.xcdatamodeld in Sources */,
				D2F8593425DFB8C50048F6F3 /* AppDelegate.swift in Sources */,
				D2F8593625DFB8C50048F6F3 /* SceneDelegate.swift in Sources */,
			);
			runOnlyForDeploymentPostprocessing = 0;
		};
		D2F8594525DFB8C60048F6F3 /* Sources */ = {
			isa = PBXSourcesBuildPhase;
			buildActionMask = 2147483647;
			files = (
				D2F8594E25DFB8C60048F6F3 /* designTests.swift in Sources */,
			);
			runOnlyForDeploymentPostprocessing = 0;
		};
		D2F8595025DFB8C60048F6F3 /* Sources */ = {
			isa = PBXSourcesBuildPhase;
			buildActionMask = 2147483647;
			files = (
				D2F8595925DFB8C60048F6F3 /* designUITests.swift in Sources */,
			);
			runOnlyForDeploymentPostprocessing = 0;
		};
/* End PBXSourcesBuildPhase section */

/* Begin PBXTargetDependency section */
		D2F8594B25DFB8C60048F6F3 /* PBXTargetDependency */ = {
			isa = PBXTargetDependency;
			target = D2F8592F25DFB8C50048F6F3 /* design */;
			targetProxy = D2F8594A25DFB8C60048F6F3 /* PBXContainerItemProxy */;
		};
		D2F8595625DFB8C60048F6F3 /* PBXTargetDependency */ = {
			isa = PBXTargetDependency;
			target = D2F8592F25DFB8C50048F6F3 /* design */;
			targetProxy = D2F8595525DFB8C60048F6F3 /* PBXContainerItemProxy */;
		};
/* End PBXTargetDependency section */

/* Begin PBXVariantGroup section */
		D2F8593925DFB8C50048F6F3 /* Main.storyboard */ = {
			isa = PBXVariantGroup;
			children = (
				D2F8593A25DFB8C50048F6F3 /* Base */,
			);
			name = Main.storyboard;
			sourceTree = "<group>";
		};
		D2F8594125DFB8C60048F6F3 /* LaunchScreen.storyboard */ = {
			isa = PBXVariantGroup;
			children = (
				D2F8594225DFB8C60048F6F3 /* Base */,
			);
			name = LaunchScreen.storyboard;
			sourceTree = "<group>";
		};
/* End PBXVariantGroup section */

/* Begin XCBuildConfiguration section */
		D2F8595B25DFB8C60048F6F3 /* Debug */ = {
			isa = XCBuildConfiguration;
			buildSettings = {
				ALWAYS_SEARCH_USER_PATHS = NO;
				CLANG_ANALYZER_NONNULL = YES;
				CLANG_ANALYZER_NUMBER_OBJECT_CONVERSION = YES_AGGRESSIVE;
				CLANG_CXX_LANGUAGE_STANDARD = "gnu++14";
				CLANG_CXX_LIBRARY = "libc++";
				CLANG_ENABLE_MODULES = YES;
				CLANG_ENABLE_OBJC_ARC = YES;
				CLANG_ENABLE_OBJC_WEAK = YES;
				CLANG_WARN_BLOCK_CAPTURE_AUTORELEASING = YES;
				CLANG_WARN_BOOL_CONVERSION = YES;
				CLANG_WARN_COMMA = YES;
				CLANG_WARN_CONSTANT_CONVERSION = YES;
				CLANG_WARN_DEPRECATED_OBJC_IMPLEMENTATIONS = YES;
				CLANG_WARN_DIRECT_OBJC_ISA_USAGE = YES_ERROR;
				CLANG_WARN_DOCUMENTATION_COMMENTS = YES;
				CLANG_WARN_EMPTY_BODY = YES;
				CLANG_WARN_ENUM_CONVERSION = YES;
				CLANG_WARN_INFINITE_RECURSION = YES;
				CLANG_WARN_INT_CONVERSION = YES;
				CLANG_WARN_NON_LITERAL_NULL_CONVERSION = YES;
				CLANG_WARN_OBJC_IMPLICIT_RETAIN_SELF = YES;
				CLANG_WARN_OBJC_LITERAL_CONVERSION = YES;
				CLANG_WARN_OBJC_ROOT_CLASS = YES_ERROR;
				CLANG_WARN_QUOTED_INCLUDE_IN_FRAMEWORK_HEADER = YES;
				CLANG_WARN_RANGE_LOOP_ANALYSIS = YES;
				CLANG_WARN_STRICT_PROTOTYPES = YES;
				CLANG_WARN_SUSPICIOUS_MOVE = YES;
				CLANG_WARN_UNGUARDED_AVAILABILITY = YES_AGGRESSIVE;
				CLANG_WARN_UNREACHABLE_CODE = YES;
				CLANG_WARN__DUPLICATE_METHOD_MATCH = YES;
				COPY_PHASE_STRIP = NO;
				DEBUG_INFORMATION_FORMAT = dwarf;
				ENABLE_STRICT_OBJC_MSGSEND = YES;
				ENABLE_TESTABILITY = YES;
				GCC_C_LANGUAGE_STANDARD = gnu11;
				GCC_DYNAMIC_NO_PIC = NO;
				GCC_NO_COMMON_BLOCKS = YES;
				GCC_OPTIMIZATION_LEVEL = 0;
				GCC_PREPROCESSOR_DEFINITIONS = (
					"DEBUG=1",
					"$(inherited)",
				);
				GCC_WARN_64_TO_32_BIT_CONVERSION = YES;
				GCC_WARN_ABOUT_RETURN_TYPE = YES_ERROR;
				GCC_WARN_UNDECLARED_SELECTOR = YES;
				GCC_WARN_UNINITIALIZED_AUTOS = YES_AGGRESSIVE;
				GCC_WARN_UNUSED_FUNCTION = YES;
				GCC_WARN_UNUSED_VARIABLE = YES;
				IPHONEOS_DEPLOYMENT_TARGET = 14.4;
				MTL_ENABLE_DEBUG_INFO = INCLUDE_SOURCE;
				MTL_FAST_MATH = YES;
				ONLY_ACTIVE_ARCH = YES;
				SDKROOT = iphoneos;
				SWIFT_ACTIVE_COMPILATION_CONDITIONS = DEBUG;
				SWIFT_OPTIMIZATION_LEVEL = "-Onone";
			};
			name = Debug;
		};
		D2F8595C25DFB8C60048F6F3 /* Release */ = {
			isa = XCBuildConfiguration;
			buildSettings = {
				ALWAYS_SEARCH_USER_PATHS = NO;
				CLANG_ANALYZER_NONNULL = YES;
				CLANG_ANALYZER_NUMBER_OBJECT_CONVERSION = YES_AGGRESSIVE;
				CLANG_CXX_LANGUAGE_STANDARD = "gnu++14";
				CLANG_CXX_LIBRARY = "libc++";
				CLANG_ENABLE_MODULES = YES;
				CLANG_ENABLE_OBJC_ARC = YES;
				CLANG_ENABLE_OBJC_WEAK = YES;
				CLANG_WARN_BLOCK_CAPTURE_AUTORELEASING = YES;
				CLANG_WARN_BOOL_CONVERSION = YES;
				CLANG_WARN_COMMA = YES;
				CLANG_WARN_CONSTANT_CONVERSION = YES;
				CLANG_WARN_DEPRECATED_OBJC_IMPLEMENTATIONS = YES;
				CLANG_WARN_DIRECT_OBJC_ISA_USAGE = YES_ERROR;
				CLANG_WARN_DOCUMENTATION_COMMENTS = YES;
				CLANG_WARN_EMPTY_BODY = YES;
				CLANG_WARN_ENUM_CONVERSION = YES;
				CLANG_WARN_INFINITE_RECURSION = YES;
				CLANG_WARN_INT_CONVERSION = YES;
				CLANG_WARN_NON_LITERAL_NULL_CONVERSION = YES;
				CLANG_WARN_OBJC_IMPLICIT_RETAIN_SELF = YES;
				CLANG_WARN_OBJC_LITERAL_CONVERSION = YES;
				CLANG_WARN_OBJC_ROOT_CLASS = YES_ERROR;
				CLANG_WARN_QUOTED_INCLUDE_IN_FRAMEWORK_HEADER = YES;
				CLANG_WARN_RANGE_LOOP_ANALYSIS = YES;
				CLANG_WARN_STRICT_PROTOTYPES = YES;
				CLANG_WARN_SUSPICIOUS_MOVE = YES;
				CLANG_WARN_UNGUARDED_AVAILABILITY = YES_AGGRESSIVE;
				CLANG_WARN_UNREACHABLE_CODE = YES;
				CLANG_WARN__DUPLICATE_METHOD_MATCH = YES;
				COPY_PHASE_STRIP = NO;
				DEBUG_INFORMATION_FORMAT = "dwarf-with-dsym";
				ENABLE_NS_ASSERTIONS = NO;
				ENABLE_STRICT_OBJC_MSGSEND = YES;
				GCC_C_LANGUAGE_STANDARD = gnu11;
				GCC_NO_COMMON_BLOCKS = YES;
				GCC_WARN_64_TO_32_BIT_CONVERSION = YES;
				GCC_WARN_ABOUT_RETURN_TYPE = YES_ERROR;
				GCC_WARN_UNDECLARED_SELECTOR = YES;
				GCC_WARN_UNINITIALIZED_AUTOS = YES_AGGRESSIVE;
				GCC_WARN_UNUSED_FUNCTION = YES;
				GCC_WARN_UNUSED_VARIABLE = YES;
				IPHONEOS_DEPLOYMENT_TARGET = 14.4;
				MTL_ENABLE_DEBUG_INFO = NO;
				MTL_FAST_MATH = YES;
				SDKROOT = iphoneos;
				SWIFT_COMPILATION_MODE = wholemodule;
				SWIFT_OPTIMIZATION_LEVEL = "-O";
				VALIDATE_PRODUCT = YES;
			};
			name = Release;
		};
		D2F8595E25DFB8C60048F6F3 /* Debug */ = {
			isa = XCBuildConfiguration;
			buildSettings = {
				ASSETCATALOG_COMPILER_APPICON_NAME = AppIcon;
				ASSETCATALOG_COMPILER_GLOBAL_ACCENT_COLOR_NAME = AccentColor;
				CODE_SIGN_STYLE = Automatic;
				DEVELOPMENT_TEAM = DB73634A3M;
				INFOPLIST_FILE = design/Info.plist;
				LD_RUNPATH_SEARCH_PATHS = (
					"$(inherited)",
					"@executable_path/Frameworks",
				);
				PRODUCT_BUNDLE_IDENTIFIER = adarsh.org.design;
				PRODUCT_NAME = "$(TARGET_NAME)";
				SWIFT_VERSION = 5.0;
				TARGETED_DEVICE_FAMILY = "1,2";
			};
			name = Debug;
		};
		D2F8595F25DFB8C60048F6F3 /* Release */ = {
			isa = XCBuildConfiguration;
			buildSettings = {
				ASSETCATALOG_COMPILER_APPICON_NAME = AppIcon;
				ASSETCATALOG_COMPILER_GLOBAL_ACCENT_COLOR_NAME = AccentColor;
				CODE_SIGN_STYLE = Automatic;
				DEVELOPMENT_TEAM = DB73634A3M;
				INFOPLIST_FILE = design/Info.plist;
				LD_RUNPATH_SEARCH_PATHS = (
					"$(inherited)",
					"@executable_path/Frameworks",
				);
				PRODUCT_BUNDLE_IDENTIFIER = adarsh.org.design;
				PRODUCT_NAME = "$(TARGET_NAME)";
				SWIFT_VERSION = 5.0;
				TARGETED_DEVICE_FAMILY = "1,2";
			};
			name = Release;
		};
		D2F8596125DFB8C60048F6F3 /* Debug */ = {
			isa = XCBuildConfiguration;
			buildSettings = {
				ALWAYS_EMBED_SWIFT_STANDARD_LIBRARIES = YES;
				BUNDLE_LOADER = "$(TEST_HOST)";
				CODE_SIGN_STYLE = Automatic;
				DEVELOPMENT_TEAM = DB73634A3M;
				INFOPLIST_FILE = designTests/Info.plist;
				IPHONEOS_DEPLOYMENT_TARGET = 14.4;
				LD_RUNPATH_SEARCH_PATHS = (
					"$(inherited)",
					"@executable_path/Frameworks",
					"@loader_path/Frameworks",
				);
				PRODUCT_BUNDLE_IDENTIFIER = adarsh.org.designTests;
				PRODUCT_NAME = "$(TARGET_NAME)";
				SWIFT_VERSION = 5.0;
				TARGETED_DEVICE_FAMILY = "1,2";
				TEST_HOST = "$(BUILT_PRODUCTS_DIR)/design.app/design";
			};
			name = Debug;
		};
		D2F8596225DFB8C60048F6F3 /* Release */ = {
			isa = XCBuildConfiguration;
			buildSettings = {
				ALWAYS_EMBED_SWIFT_STANDARD_LIBRARIES = YES;
				BUNDLE_LOADER = "$(TEST_HOST)";
				CODE_SIGN_STYLE = Automatic;
				DEVELOPMENT_TEAM = DB73634A3M;
				INFOPLIST_FILE = designTests/Info.plist;
				IPHONEOS_DEPLOYMENT_TARGET = 14.4;
				LD_RUNPATH_SEARCH_PATHS = (
					"$(inherited)",
					"@executable_path/Frameworks",
					"@loader_path/Frameworks",
				);
				PRODUCT_BUNDLE_IDENTIFIER = adarsh.org.designTests;
				PRODUCT_NAME = "$(TARGET_NAME)";
				SWIFT_VERSION = 5.0;
				TARGETED_DEVICE_FAMILY = "1,2";
				TEST_HOST = "$(BUILT_PRODUCTS_DIR)/design.app/design";
			};
			name = Release;
		};
		D2F8596425DFB8C60048F6F3 /* Debug */ = {
			isa = XCBuildConfiguration;
			buildSettings = {
				ALWAYS_EMBED_SWIFT_STANDARD_LIBRARIES = YES;
				CODE_SIGN_STYLE = Automatic;
				DEVELOPMENT_TEAM = DB73634A3M;
				INFOPLIST_FILE = designUITests/Info.plist;
				LD_RUNPATH_SEARCH_PATHS = (
					"$(inherited)",
					"@executable_path/Frameworks",
					"@loader_path/Frameworks",
				);
				PRODUCT_BUNDLE_IDENTIFIER = adarsh.org.designUITests;
				PRODUCT_NAME = "$(TARGET_NAME)";
				SWIFT_VERSION = 5.0;
				TARGETED_DEVICE_FAMILY = "1,2";
				TEST_TARGET_NAME = design;
			};
			name = Debug;
		};
		D2F8596525DFB8C60048F6F3 /* Release */ = {
			isa = XCBuildConfiguration;
			buildSettings = {
				ALWAYS_EMBED_SWIFT_STANDARD_LIBRARIES = YES;
				CODE_SIGN_STYLE = Automatic;
				DEVELOPMENT_TEAM = DB73634A3M;
				INFOPLIST_FILE = designUITests/Info.plist;
				LD_RUNPATH_SEARCH_PATHS = (
					"$(inherited)",
					"@executable_path/Frameworks",
					"@loader_path/Frameworks",
				);
				PRODUCT_BUNDLE_IDENTIFIER = adarsh.org.designUITests;
				PRODUCT_NAME = "$(TARGET_NAME)";
				SWIFT_VERSION = 5.0;
				TARGETED_DEVICE_FAMILY = "1,2";
				TEST_TARGET_NAME = design;
			};
			name = Release;
		};
/* End XCBuildConfiguration section */

/* Begin XCConfigurationList section */
		D2F8592B25DFB8C50048F6F3 /* Build configuration list for PBXProject "design" */ = {
			isa = XCConfigurationList;
			buildConfigurations = (
				D2F8595B25DFB8C60048F6F3 /* Debug */,
				D2F8595C25DFB8C60048F6F3 /* Release */,
			);
			defaultConfigurationIsVisible = 0;
			defaultConfigurationName = Release;
		};
		D2F8595D25DFB8C60048F6F3 /* Build configuration list for PBXNativeTarget "design" */ = {
			isa = XCConfigurationList;
			buildConfigurations = (
				D2F8595E25DFB8C60048F6F3 /* Debug */,
				D2F8595F25DFB8C60048F6F3 /* Release */,
			);
			defaultConfigurationIsVisible = 0;
			defaultConfigurationName = Release;
		};
		D2F8596025DFB8C60048F6F3 /* Build configuration list for PBXNativeTarget "designTests" */ = {
			isa = XCConfigurationList;
			buildConfigurations = (
				D2F8596125DFB8C60048F6F3 /* Debug */,
				D2F8596225DFB8C60048F6F3 /* Release */,
			);
			defaultConfigurationIsVisible = 0;
			defaultConfigurationName = Release;
		};
		D2F8596325DFB8C60048F6F3 /* Build configuration list for PBXNativeTarget "designUITests" */ = {
			isa = XCConfigurationList;
			buildConfigurations = (
				D2F8596425DFB8C60048F6F3 /* Debug */,
				D2F8596525DFB8C60048F6F3 /* Release */,
			);
			defaultConfigurationIsVisible = 0;
			defaultConfigurationName = Release;
		};
/* End XCConfigurationList section */

/* Begin XCVersionGroup section */
		D2F8593C25DFB8C50048F6F3 /* design.xcdatamodeld */ = {
			isa = XCVersionGroup;
			children = (
				D2F8593D25DFB8C50048F6F3 /* design.xcdatamodel */,
			);
			currentVersion = D2F8593D25DFB8C50048F6F3 /* design.xcdatamodel */;
			path = design.xcdatamodeld;
			sourceTree = "<group>";
			versionGroupType = wrapper.xcdatamodel;
		};
/* End XCVersionGroup section */
	};
	rootObject = D2F8592825DFB8C50048F6F3 /* Project object */;
}
